
Microsoft Visual Studio Solution File, Format Version 12.00
# Visual Studio Version 17
VisualStudioVersion = 17.11.35312.102
MinimumVisualStudioVersion = 10.0.40219.1
Project("{FAE04EC0-301F-11D3-BF4B-00C04F79EFBC}") = "WebApplication1", "WebApplication1\WebApplication1.csproj", "{697D4FAC-E899-4078-81DE-E7C26A03DBCC}"
EndProject
Global
	GlobalSection(SolutionConfigurationPlatforms) = preSolution
		Debug|Any CPU = Debug|Any CPU
		Release|Any CPU = Release|Any CPU
	EndGlobalSection
	GlobalSection(ProjectConfigurationPlatforms) = postSolution
		{697D4FAC-E899-4078-81DE-E7C26A03DBCC}.Debug|Any CPU.ActiveCfg = Debug|Any CPU
		{697D4FAC-E899-4078-81DE-E7C26A03DBCC}.Debug|Any CPU.Build.0 = Debug|Any CPU
		{697D4FAC-E899-4078-81DE-E7C26A03DBCC}.Release|Any CPU.ActiveCfg = Release|Any CPU
		{697D4FAC-E899-4078-81DE-E7C26A03DBCC}.Release|Any CPU.Build.0 = Release|Any CPU
	EndGlobalSection
	GlobalSection(SolutionProperties) = preSolution
		HideSolutionNode = FALSE
	EndGlobalSection
	GlobalSection(ExtensibilityGlobals) = postSolution
		SolutionGuid = {61A12F78-1A90-4F4D-BCF6-8FF25E3B8FCD}
	EndGlobalSection
EndGlobal
